
Microsoft Visual Studio Solution File, Format Version 12.00
# Visual Studio 2013
VisualStudioVersion = 12.0.31101.0
MinimumVisualStudioVersion = 10.0.40219.1
Project("{FAE04EC0-301F-11D3-BF4B-00C04F79EFBC}") = "Server", "NCKH3\Server.csproj", "{6A37DA47-A7CD-4C9B-A736-BA889ECB9C7E}"
EndProject
Project("{FAE04EC0-301F-11D3-BF4B-00C04F79EFBC}") = "Client", "Client\Client.csproj", "{8FD241E2-ABAF-4A84-AA3D-D90DBDBE2158}"
EndProject
Project("{FAE04EC0-301F-11D3-BF4B-00C04F79EFBC}") = "MyTransactionCode", "MyTransactionCode\MyTransactionCode.csproj", "{AB77BE7C-31E3-43B9-ADBB-597DFBFD0A56}"
EndProject
Global
	GlobalSection(SolutionConfigurationPlatforms) = preSolution
		Debug|Any CPU = Debug|Any CPU
		Release|Any CPU = Release|Any CPU
	EndGlobalSection
	GlobalSection(ProjectConfigurationPlatforms) = postSolution
		{6A37DA47-A7CD-4C9B-A736-BA889ECB9C7E}.Debug|Any CPU.ActiveCfg = Debug|Any CPU
		{6A37DA47-A7CD-4C9B-A736-BA889ECB9C7E}.Debug|Any CPU.Build.0 = Debug|Any CPU
		{6A37DA47-A7CD-4C9B-A736-BA889ECB9C7E}.Release|Any CPU.ActiveCfg = Release|Any CPU
		{6A37DA47-A7CD-4C9B-A736-BA889ECB9C7E}.Release|Any CPU.Build.0 = Release|Any CPU
		{8FD241E2-ABAF-4A84-AA3D-D90DBDBE2158}.Debug|Any CPU.ActiveCfg = Debug|Any CPU
		{8FD241E2-ABAF-4A84-AA3D-D90DBDBE2158}.Debug|Any CPU.Build.0 = Debug|Any CPU
		{8FD241E2-ABAF-4A84-AA3D-D90DBDBE2158}.Release|Any CPU.ActiveCfg = Release|Any CPU
		{8FD241E2-ABAF-4A84-AA3D-D90DBDBE2158}.Release|Any CPU.Build.0 = Release|Any CPU
		{AB77BE7C-31E3-43B9-ADBB-597DFBFD0A56}.Debug|Any CPU.ActiveCfg = Debug|Any CPU
		{AB77BE7C-31E3-43B9-ADBB-597DFBFD0A56}.Debug|Any CPU.Build.0 = Debug|Any CPU
		{AB77BE7C-31E3-43B9-ADBB-597DFBFD0A56}.Release|Any CPU.ActiveCfg = Release|Any CPU
		{AB77BE7C-31E3-43B9-ADBB-597DFBFD0A56}.Release|Any CPU.Build.0 = Release|Any CPU
	EndGlobalSection
	GlobalSection(SolutionProperties) = preSolution
		HideSolutionNode = FALSE
	EndGlobalSection
EndGlobal
